
Microsoft Visual Studio Solution File, Format Version 12.00
# Visual Studio 15
VisualStudioVersion = 15.0.28307.329
MinimumVisualStudioVersion = 10.0.40219.1
Project("{FAE04EC0-301F-11D3-BF4B-00C04F79EFBC}") = "ard_wid", "ard_wid\ard_wid.csproj", "{5B2480E2-CE55-4B0D-A158-AF540D9DB089}"
EndProject
Global
	GlobalSection(SolutionConfigurationPlatforms) = preSolution
		Debug|Any CPU = Debug|Any CPU
		Release|Any CPU = Release|Any CPU
	EndGlobalSection
	GlobalSection(ProjectConfigurationPlatforms) = postSolution
		{5B2480E2-CE55-4B0D-A158-AF540D9DB089}.Debug|Any CPU.ActiveCfg = Debug|Any CPU
		{5B2480E2-CE55-4B0D-A158-AF540D9DB089}.Debug|Any CPU.Build.0 = Debug|Any CPU
		{5B2480E2-CE55-4B0D-A158-AF540D9DB089}.Release|Any CPU.ActiveCfg = Release|Any CPU
		{5B2480E2-CE55-4B0D-A158-AF540D9DB089}.Release|Any CPU.Build.0 = Release|Any CPU
	EndGlobalSection
	GlobalSection(SolutionProperties) = preSolution
		HideSolutionNode = FALSE
	EndGlobalSection
	GlobalSection(ExtensibilityGlobals) = postSolution
		SolutionGuid = {85888874-50E1-4E05-834C-F7FB99A236D4}
	EndGlobalSection
EndGlobal
